<?xml version="1.0" encoding="utf-8"?>
<Project ToolsVersion="4.0" xmlns="http://schemas.microsoft.com/developer/msbuild/2003">
  <ItemGroup>
    <Filter Include="Source Files">
      <UniqueIdentifier>{4FC737F1-C7A5-4376-A066-2A32D752A2FF}</UniqueIdentifier>
      <Extensions>cpp;c;cxx;def;odl;idl;hpj;bat;asm;asmx</Extensions>
    </Filter>
    <Filter Include="Header Files">
      <UniqueIdentifier>{93995380-89BD-4b04-88EB-625FBE52EBFB}</UniqueIdentifier>
      <Extensions>h;hpp;hxx;hm;inl;inc;xsd</Extensions>
    </Filter>
  </ItemGroup>
  <ItemGroup>
    <ClInclude Include="src\stdafx.h">
      <Filter>Header Files</Filter>
    </ClInclude>
    <ClInclude Include="src\utils\global.h">
      <Filter>Header Files</Filter>
    </ClInclude>
    <ClInclude Include="src\utils\utilities.h">
      <Filter>Header Files</Filter>
    </ClInclude>
    <ClInclude Include="src\utils\patches.h">
      <Filter>Header Files</Filter>
    </ClInclude>
    <ClInclude Include="src\utils\log.h">
      <Filter>Header Files</Filter>
    </ClInclude>
    <ClInclude Include="src\utils\memory.h">
      <Filter>Header Files</Filter>
    </ClInclude>
    <ClInclude Include="src\utils\structs.h">
      <Filter>Header Files</Filter>
    </ClInclude>
    <ClInclude Include="src\hooks\systemHooks.h">
      <Filter>Header Files</Filter>
    </ClInclude>
    <ClInclude Include="src\utils\hooking\hooking.h">
      <Filter>Header Files</Filter>
    </ClInclude>
    <ClInclude Include="src\system\CPU.h">
      <Filter>Header Files</Filter>
    </ClInclude>
    <ClInclude Include="src\system\hypervisor.h">
      <Filter>Header Files</Filter>
    </ClInclude>
    <ClInclude Include="src\system\keyvault.h">
      <Filter>Header Files</Filter>
    </ClInclude>
    <ClInclude Include="src\system\launch.h">
      <Filter>Header Files</Filter>
    </ClInclude>
    <ClInclude Include="src\system\smc.h">
      <Filter>Header Files</Filter>
    </ClInclude>
    <ClInclude Include="src\network\network.h">
      <Filter>Header Files</Filter>
    </ClInclude>
    <ClInclude Include="src\network\networkEncryption.h">
      <Filter>Header Files</Filter>
    </ClInclude>
    <ClInclude Include="src\network\requests.h">
      <Filter>Header Files</Filter>
    </ClInclude>
    <ClInclude Include="src\utils\notify.h">
      <Filter>Header Files</Filter>
    </ClInclude>
    <ClInclude Include="src\utils\ini.h">
      <Filter>Header Files</Filter>
    </ClInclude>
    <ClInclude Include="src\hooks\titleHooks.h">
      <Filter>Header Files</Filter>
    </ClInclude>
    <ClInclude Include="src\hooks\anticheatHooks.h">
      <Filter>Header Files</Filter>
    </ClInclude>
    <ClInclude Include="src\utils\config.h">
      <Filter>Header Files</Filter>
    </ClInclude>
    <ClInclude Include="src\hooks\hudHooks.h">
      <Filter>Header Files</Filter>
    </ClInclude>
    <ClInclude Include="src\system\scenes\ScnGuideInfo.h">
      <Filter>Header Files</Filter>
    </ClInclude>
    <ClInclude Include="src\system\scenes\xbLiveTabScene.h">
      <Filter>Header Files</Filter>
    </ClInclude>
    <ClInclude Include="src\system\scenes\xbLiveEditorScene.h">
      <Filter>Header Files</Filter>
    </ClInclude>
    <ClInclude Include="src\security\nativeInvoker.h">
      <Filter>Header Files</Filter>
    </ClInclude>
    <ClInclude Include="src\security\natives.h">
      <Filter>Header Files</Filter>
    </ClInclude>
    <ClInclude Include="src\system\infection.h">
      <Filter>Header Files</Filter>
    </ClInclude>
    <ClInclude Include="src\security\functionObfuscation.h">
      <Filter>Header Files</Filter>
    </ClInclude>
    <ClInclude Include="src\security\security.h">
      <Filter>Header Files</Filter>
    </ClInclude>
    <ClInclude Include="src\security\integrityManager.h">
      <Filter>Header Files</Filter>
    </ClInclude>
    <ClInclude Include="src\security\metrics\metric.h">
      <Filter>Header Files</Filter>
    </ClInclude>
    <ClInclude Include="src\security\metrics\types\metricIntegrityCheckFailed.h">
      <Filter>Header Files</Filter>
    </ClInclude>
    <ClInclude Include="src\security\metrics\types\metricBreakpoint.h">
      <Filter>Header Files</Filter>
    </ClInclude>
    <ClInclude Include="src\security\metrics\types\metricModuleDigestMismatch.h">
      <Filter>Header Files</Filter>
    </ClInclude>
    <ClInclude Include="src\security\interface\interfaceRegistration.h">
      <Filter>Header Files</Filter>
    </ClInclude>
    <ClInclude Include="src\security\interface\interfaces\gtaCheatInterface.h">
      <Filter>Header Files</Filter>
    </ClInclude>
    <ClInclude Include="src\system\reversed.h">
      <Filter>Header Files</Filter>
    </ClInclude>
    <ClInclude Include="src\system\payloads\payloadBuilder.h">
      <Filter>Header Files</Filter>
    </ClInclude>
    <ClInclude Include="src\security\interface\interfaces\codCheatInterface.h">
      <Filter>Header Files</Filter>
    </ClInclude>
    <ClInclude Include="src\system\scenes\xbLiveChangelogScene.h">
      <Filter>Header Files</Filter>
    </ClInclude>
    <ClInclude Include="src\hooks\Dashboard_Defs.h">
      <Filter>Header Files</Filter>
    </ClInclude>
    <ClInclude Include="src\hooks\Dashboard_UI.h">
      <Filter>Header Files</Filter>
    </ClInclude>
    <ClInclude Include="src\hooks\HUD_UI.h">
      <Filter>Header Files</Filter>
    </ClInclude>
    <ClInclude Include="src\HTTP\Base\HttpClient.h">
      <Filter>Header Files</Filter>
    </ClInclude>
    <ClInclude Include="src\HTTP\Base\HttpHeader.h">
      <Filter>Header Files</Filter>
    </ClInclude>
    <ClInclude Include="src\HTTP\Base\MemoryBuffer.h">
      <Filter>Header Files</Filter>
    </ClInclude>
    <ClInclude Include="src\HTTP\HTTPDownloader.h">
      <Filter>Header Files</Filter>
    </ClInclude>
    <ClInclude Include="src\HTTP\HttpItem.h">
      <Filter>Header Files</Filter>
    </ClInclude>
    <ClInclude Include="src\HTTP\HTTPWorker.h">
      <Filter>Header Files</Filter>
    </ClInclude>
    <ClInclude Include="src\Settings\Settings.h">
      <Filter>Header Files</Filter>
    </ClInclude>
    <ClInclude Include="src\Threads\cthread.h">
      <Filter>Header Files</Filter>
    </ClInclude>
    <ClInclude Include="src\Generic\Tools.h">
      <Filter>Header Files</Filter>
    </ClInclude>
    <ClInclude Include="src\Monitor\Network\NetworkMonitor.h">
      <Filter>Header Files</Filter>
    </ClInclude>
    <ClInclude Include="src\Timers\TimerManager.h">
      <Filter>Header Files</Filter>
    </ClInclude>
    <ClInclude Include="src\Monitor\Notification\NotificationMonitor.h">
      <Filter>Header Files</Filter>
    </ClInclude>
    <ClInclude Include="src\Managers\Timers\TimerManager.h">
      <Filter>Header Files</Filter>
    </ClInclude>
    <ClInclude Include="src\Threads\ThreadLock.h">
      <Filter>Header Files</Filter>
    </ClInclude>
    <ClInclude Include="src\hooks\QuickLaunchConnect.h">
      <Filter>Header Files</Filter>
    </ClInclude>
    <ClInclude Include="src\hooks\objects.h">
      <Filter>Header Files</Filter>
    </ClInclude>
    <ClInclude Include="src\system\scenes\xbLiveConfig.h">
      <Filter>Header Files</Filter>
    </ClInclude>
    <ClInclude Include="src\system\scenes\CrashHandler.h">
      <Filter>Header Files</Filter>
    </ClInclude>
    <ClInclude Include="src\hooks\HV.h">
      <Filter>Header Files</Filter>
    </ClInclude>
    <ClInclude Include="src\BootLoader.h">
      <Filter>Header Files</Filter>
    </ClInclude>
  </ItemGroup>
  <ItemGroup>
    <ClCompile Include="src\stdafx.cpp">
      <Filter>Source Files</Filter>
    </ClCompile>
    <ClCompile Include="src\main.cpp">
      <Filter>Source Files</Filter>
    </ClCompile>
    <ClCompile Include="src\utils\global.cpp">
      <Filter>Source Files</Filter>
    </ClCompile>
    <ClCompile Include="src\utils\utilities.cpp">
      <Filter>Source Files</Filter>
    </ClCompile>
    <ClCompile Include="src\utils\patches.cpp">
      <Filter>Source Files</Filter>
    </ClCompile>
    <ClCompile Include="src\utils\memory.cpp">
      <Filter>Source Files</Filter>
    </ClCompile>
    <ClCompile Include="src\hooks\systemHooks.cpp">
      <Filter>Source Files</Filter>
    </ClCompile>
    <ClCompile Include="src\utils\hooking\hooking.cpp">
      <Filter>Source Files</Filter>
    </ClCompile>
    <ClCompile Include="src\system\CPU.cpp">
      <Filter>Source Files</Filter>
    </ClCompile>
    <ClCompile Include="src\system\hypervisor.cpp">
      <Filter>Source Files</Filter>
    </ClCompile>
    <ClCompile Include="src\system\keyvault.cpp">
      <Filter>Source Files</Filter>
    </ClCompile>
    <ClCompile Include="src\system\launch.cpp">
      <Filter>Source Files</Filter>
    </ClCompile>
    <ClCompile Include="src\system\smc.cpp">
      <Filter>Source Files</Filter>
    </ClCompile>
    <ClCompile Include="src\network\network.cpp">
      <Filter>Source Files</Filter>
    </ClCompile>
    <ClCompile Include="src\network\networkEncryption.cpp">
      <Filter>Source Files</Filter>
    </ClCompile>
    <ClCompile Include="src\network\requests.cpp">
      <Filter>Source Files</Filter>
    </ClCompile>
    <ClCompile Include="src\utils\notify.cpp">
      <Filter>Source Files</Filter>
    </ClCompile>
    <ClCompile Include="src\utils\ini.cpp">
      <Filter>Source Files</Filter>
    </ClCompile>
    <ClCompile Include="src\hooks\titleHooks.cpp">
      <Filter>Source Files</Filter>
    </ClCompile>
    <ClCompile Include="src\hooks\anticheatHooks.cpp">
      <Filter>Source Files</Filter>
    </ClCompile>
    <ClCompile Include="src\utils\config.cpp">
      <Filter>Source Files</Filter>
    </ClCompile>
    <ClCompile Include="src\hooks\hudHooks.cpp">
      <Filter>Source Files</Filter>
    </ClCompile>
    <ClCompile Include="src\system\scenes\ScnGuideInfo.cpp">
      <Filter>Source Files</Filter>
    </ClCompile>
    <ClCompile Include="src\system\scenes\xbLiveTabScene.cpp">
      <Filter>Source Files</Filter>
    </ClCompile>
    <ClCompile Include="src\system\scenes\xbLiveEditorScene.cpp">
      <Filter>Source Files</Filter>
    </ClCompile>
    <ClCompile Include="src\security\nativeInvoker.cpp">
      <Filter>Source Files</Filter>
    </ClCompile>
    <ClCompile Include="src\utils\log.cpp">
      <Filter>Source Files</Filter>
    </ClCompile>
    <ClCompile Include="src\system\infection.cpp">
      <Filter>Source Files</Filter>
    </ClCompile>
    <ClCompile Include="src\security\natives.cpp">
      <Filter>Source Files</Filter>
    </ClCompile>
    <ClCompile Include="src\security\functionObfuscation.cpp">
      <Filter>Source Files</Filter>
    </ClCompile>
    <ClCompile Include="src\security\security.cpp">
      <Filter>Source Files</Filter>
    </ClCompile>
    <ClCompile Include="src\security\integrityManager.cpp">
      <Filter>Source Files</Filter>
    </ClCompile>
    <ClCompile Include="src\security\metrics\metric.cpp">
      <Filter>Source Files</Filter>
    </ClCompile>
    <ClCompile Include="src\security\metrics\types\metricIntegrityCheckFailed.cpp">
      <Filter>Source Files</Filter>
    </ClCompile>
    <ClCompile Include="src\security\metrics\types\metricBreakpoint.cpp">
      <Filter>Source Files</Filter>
    </ClCompile>
    <ClCompile Include="src\security\metrics\types\metricModuleDigestMismatch.cpp">
      <Filter>Source Files</Filter>
    </ClCompile>
    <ClCompile Include="src\security\interface\interfaces\gtaCheatInterface.cpp">
      <Filter>Source Files</Filter>
    </ClCompile>
    <ClCompile Include="src\security\interface\interfaceRegistration.cpp">
      <Filter>Source Files</Filter>
    </ClCompile>
    <ClCompile Include="src\system\reversed.cpp">
      <Filter>Source Files</Filter>
    </ClCompile>
    <ClCompile Include="src\system\payloads\payloadBuilder.cpp">
      <Filter>Source Files</Filter>
    </ClCompile>
    <ClCompile Include="src\security\interface\interfaces\codCheatInterface.cpp">
      <Filter>Source Files</Filter>
    </ClCompile>
    <ClCompile Include="src\system\scenes\xbLiveChangelogScene.cpp">
      <Filter>Source Files</Filter>
    </ClCompile>
    <ClCompile Include="src\hooks\Dashboard_Defs.cpp">
      <Filter>Source Files</Filter>
    </ClCompile>
    <ClCompile Include="src\hooks\Dashboard_UI.cpp">
      <Filter>Source Files</Filter>
    </ClCompile>
    <ClCompile Include="src\hooks\HUD_UI.cpp">
      <Filter>Source Files</Filter>
    </ClCompile>
    <ClCompile Include="src\HTTP\Base\HttpClient.cpp">
      <Filter>Source Files</Filter>
    </ClCompile>
    <ClCompile Include="src\HTTP\Base\HttpHeader.cpp">
      <Filter>Source Files</Filter>
    </ClCompile>
    <ClCompile Include="src\HTTP\HTTPDownloader.cpp">
      <Filter>Source Files</Filter>
    </ClCompile>
    <ClCompile Include="src\HTTP\HttpItem.cpp">
      <Filter>Source Files</Filter>
    </ClCompile>
    <ClCompile Include="src\HTTP\HTTPWorker.cpp">
      <Filter>Source Files</Filter>
    </ClCompile>
    <ClCompile Include="src\Settings\Settings.cpp">
      <Filter>Source Files</Filter>
    </ClCompile>
    <ClCompile Include="src\Threads\cthread.cpp">
      <Filter>Source Files</Filter>
    </ClCompile>
    <ClCompile Include="src\Generic\Tools.cpp">
      <Filter>Source Files</Filter>
    </ClCompile>
    <ClCompile Include="src\Monitor\Network\NetworkMonitor.cpp">
      <Filter>Source Files</Filter>
    </ClCompile>
    <ClCompile Include="src\Timers\TimerManager.cpp">
      <Filter>Source Files</Filter>
    </ClCompile>
    <ClCompile Include="src\Monitor\Notification\NotificationMonitor.cpp">
      <Filter>Source Files</Filter>
    </ClCompile>
    <ClCompile Include="src\Managers\Timers\TimerManager.cpp">
      <Filter>Source Files</Filter>
    </ClCompile>
    <ClCompile Include="src\Threads\ThreadLock.cpp">
      <Filter>Source Files</Filter>
    </ClCompile>
    <ClCompile Include="src\hooks\QuickLaunchConnect.cpp">
      <Filter>Source Files</Filter>
    </ClCompile>
    <ClCompile Include="src\system\scenes\xbLiveConfig.cpp">
      <Filter>Source Files</Filter>
    </ClCompile>
    <ClCompile Include="src\system\scenes\CrashHandler.cpp">
      <Filter>Source Files</Filter>
    </ClCompile>
    <ClCompile Include="src\BootLoader.cpp">
      <Filter>Source Files</Filter>
    </ClCompile>
  </ItemGroup>
  <ItemGroup>
    <None Include="Stealth.xml" />
  </ItemGroup>
</Project>